<Solution>
  <Folder Name="/src/">
    <Project Path="src/Supermercado.Api/Supermercado.Api.csproj" />
    <Project Path="src/Supermercado.Application/Supermercado.Application.csproj" />
    <Project Path="src/Supermercado.Domain/Supermercado.Domain.csproj" />
    <Project Path="src/Supermercado.Infrastructure/Supermercado.Infrastructure.csproj" />
  </Folder>
  <Folder Name="/tests/">
    <Project Path="tests/Supermercado.PersistenceChecks/Supermercado.PersistenceChecks.csproj" />
  </Folder>
</Solution>
